
Microsoft Visual Studio Solution File, Format Version 12.00
# Visual Studio 15
VisualStudioVersion = 15.0.27703.2026
MinimumVisualStudioVersion = 10.0.40219.1
Project("{FAE04EC0-301F-11D3-BF4B-00C04F79EFBC}") = "CefSharpRevitExperimentation", "CefSharpRevitExperimentation\CefSharpRevitExperimentation.csproj", "{324940B9-25F5-457B-AF93-1D26BAE76C48}"
EndProject
Global
	GlobalSection(SolutionConfigurationPlatforms) = preSolution
		Debug|Any CPU = Debug|Any CPU
		Debug|x64 = Debug|x64
		Release|Any CPU = Release|Any CPU
		Release|x64 = Release|x64
	EndGlobalSection
	GlobalSection(ProjectConfigurationPlatforms) = postSolution
		{324940B9-25F5-457B-AF93-1D26BAE76C48}.Debug|Any CPU.ActiveCfg = Debug|Any CPU
		{324940B9-25F5-457B-AF93-1D26BAE76C48}.Debug|Any CPU.Build.0 = Debug|Any CPU
		{324940B9-25F5-457B-AF93-1D26BAE76C48}.Debug|x64.ActiveCfg = Debug|x64
		{324940B9-25F5-457B-AF93-1D26BAE76C48}.Debug|x64.Build.0 = Debug|x64
		{324940B9-25F5-457B-AF93-1D26BAE76C48}.Release|Any CPU.ActiveCfg = Release|Any CPU
		{324940B9-25F5-457B-AF93-1D26BAE76C48}.Release|Any CPU.Build.0 = Release|Any CPU
		{324940B9-25F5-457B-AF93-1D26BAE76C48}.Release|x64.ActiveCfg = Release|x64
		{324940B9-25F5-457B-AF93-1D26BAE76C48}.Release|x64.Build.0 = Release|x64
	EndGlobalSection
	GlobalSection(SolutionProperties) = preSolution
		HideSolutionNode = FALSE
	EndGlobalSection
	GlobalSection(ExtensibilityGlobals) = postSolution
		SolutionGuid = {0C676F52-287F-4EB2-A2A8-5B87CBAA2592}
	EndGlobalSection
EndGlobal
